
Microsoft Visual Studio Solution File, Format Version 12.00
# Visual Studio 14
VisualStudioVersion = 14.0.23107.0
MinimumVisualStudioVersion = 10.0.40219.1
Project("{FAE04EC0-301F-11D3-BF4B-00C04F79EFBC}") = "WebApplication", "WebApplication\WebApplication.csproj", "{99DCA2E0-B52A-4353-AADD-C491436EE5EC}"
EndProject
Global
	GlobalSection(SolutionConfigurationPlatforms) = preSolution
		Debug|Any CPU = Debug|Any CPU
		Release|Any CPU = Release|Any CPU
	EndGlobalSection
	GlobalSection(ProjectConfigurationPlatforms) = postSolution
		{99DCA2E0-B52A-4353-AADD-C491436EE5EC}.Debug|Any CPU.ActiveCfg = Debug|Any CPU
		{99DCA2E0-B52A-4353-AADD-C491436EE5EC}.Debug|Any CPU.Build.0 = Debug|Any CPU
		{99DCA2E0-B52A-4353-AADD-C491436EE5EC}.Release|Any CPU.ActiveCfg = Release|Any CPU
		{99DCA2E0-B52A-4353-AADD-C491436EE5EC}.Release|Any CPU.Build.0 = Release|Any CPU
	EndGlobalSection
	GlobalSection(SolutionProperties) = preSolution
		HideSolutionNode = FALSE
	EndGlobalSection
EndGlobal
